
Microsoft Visual Studio Solution File, Format Version 12.00
# Visual Studio Version 17
VisualStudioVersion = 17.1.32328.378
MinimumVisualStudioVersion = 10.0.40219.1
Project("{FAE04EC0-301F-11D3-BF4B-00C04F79EFBC}") = "MultidimensionalArraysExcercise", "MultidimensionalArraysExcercise.csproj", "{9CCC409E-BAC6-4943-A80B-49CC6D38F4FB}"
EndProject
Project("{FAE04EC0-301F-11D3-BF4B-00C04F79EFBC}") = "1. Diagonal Difference", "..\1. Diagonal Difference\1. Diagonal Difference.csproj", "{5A2C8F17-C604-40BE-8408-7165BEB33378}"
EndProject
Project("{FAE04EC0-301F-11D3-BF4B-00C04F79EFBC}") = "2. Squares in Matrix", "..\2. Squares in Matrix\2. Squares in Matrix.csproj", "{80B4482A-A281-4ED1-ADD6-3E2DCDBB4A3D}"
EndProject
Project("{FAE04EC0-301F-11D3-BF4B-00C04F79EFBC}") = "3. Maximal Sum", "..\3. Maximal Sum\3. Maximal Sum.csproj", "{5306AD31-B7DA-40F1-8B4F-AD1C6DD2D40C}"
EndProject
Project("{FAE04EC0-301F-11D3-BF4B-00C04F79EFBC}") = "4. Matrix Shuffling", "..\4. Matrix Shuffling\4. Matrix Shuffling.csproj", "{F49B1E67-34E7-41FB-9D9A-FEFF23F19D5C}"
EndProject
Project("{FAE04EC0-301F-11D3-BF4B-00C04F79EFBC}") = "5. Snake Moves", "..\5. Snake Moves\5. Snake Moves.csproj", "{CEC64350-C027-4A77-AE85-9DAAF48DFF6C}"
EndProject
Project("{FAE04EC0-301F-11D3-BF4B-00C04F79EFBC}") = "6. Jagged Array Manipulator", "..\6. Jagged Array Manipulator\6. Jagged Array Manipulator.csproj", "{3B6D31E3-B49F-47F9-A3EF-BFE4D4E26BCF}"
EndProject
Project("{FAE04EC0-301F-11D3-BF4B-00C04F79EFBC}") = "7. Knight Game", "..\7. Knight Game\7. Knight Game.csproj", "{87468D3F-BAEE-409C-A524-B129CDB8A1A2}"
EndProject
Global
	GlobalSection(SolutionConfigurationPlatforms) = preSolution
		Debug|Any CPU = Debug|Any CPU
		Release|Any CPU = Release|Any CPU
	EndGlobalSection
	GlobalSection(ProjectConfigurationPlatforms) = postSolution
		{9CCC409E-BAC6-4943-A80B-49CC6D38F4FB}.Debug|Any CPU.ActiveCfg = Debug|Any CPU
		{9CCC409E-BAC6-4943-A80B-49CC6D38F4FB}.Debug|Any CPU.Build.0 = Debug|Any CPU
		{9CCC409E-BAC6-4943-A80B-49CC6D38F4FB}.Release|Any CPU.ActiveCfg = Release|Any CPU
		{9CCC409E-BAC6-4943-A80B-49CC6D38F4FB}.Release|Any CPU.Build.0 = Release|Any CPU
		{5A2C8F17-C604-40BE-8408-7165BEB33378}.Debug|Any CPU.ActiveCfg = Debug|Any CPU
		{5A2C8F17-C604-40BE-8408-7165BEB33378}.Debug|Any CPU.Build.0 = Debug|Any CPU
		{5A2C8F17-C604-40BE-8408-7165BEB33378}.Release|Any CPU.ActiveCfg = Release|Any CPU
		{5A2C8F17-C604-40BE-8408-7165BEB33378}.Release|Any CPU.Build.0 = Release|Any CPU
		{80B4482A-A281-4ED1-ADD6-3E2DCDBB4A3D}.Debug|Any CPU.ActiveCfg = Debug|Any CPU
		{80B4482A-A281-4ED1-ADD6-3E2DCDBB4A3D}.Debug|Any CPU.Build.0 = Debug|Any CPU
		{80B4482A-A281-4ED1-ADD6-3E2DCDBB4A3D}.Release|Any CPU.ActiveCfg = Release|Any CPU
		{80B4482A-A281-4ED1-ADD6-3E2DCDBB4A3D}.Release|Any CPU.Build.0 = Release|Any CPU
		{5306AD31-B7DA-40F1-8B4F-AD1C6DD2D40C}.Debug|Any CPU.ActiveCfg = Debug|Any CPU
		{5306AD31-B7DA-40F1-8B4F-AD1C6DD2D40C}.Debug|Any CPU.Build.0 = Debug|Any CPU
		{5306AD31-B7DA-40F1-8B4F-AD1C6DD2D40C}.Release|Any CPU.ActiveCfg = Release|Any CPU
		{5306AD31-B7DA-40F1-8B4F-AD1C6DD2D40C}.Release|Any CPU.Build.0 = Release|Any CPU
		{F49B1E67-34E7-41FB-9D9A-FEFF23F19D5C}.Debug|Any CPU.ActiveCfg = Debug|Any CPU
		{F49B1E67-34E7-41FB-9D9A-FEFF23F19D5C}.Debug|Any CPU.Build.0 = Debug|Any CPU
		{F49B1E67-34E7-41FB-9D9A-FEFF23F19D5C}.Release|Any CPU.ActiveCfg = Release|Any CPU
		{F49B1E67-34E7-41FB-9D9A-FEFF23F19D5C}.Release|Any CPU.Build.0 = Release|Any CPU
		{CEC64350-C027-4A77-AE85-9DAAF48DFF6C}.Debug|Any CPU.ActiveCfg = Debug|Any CPU
		{CEC64350-C027-4A77-AE85-9DAAF48DFF6C}.Debug|Any CPU.Build.0 = Debug|Any CPU
		{CEC64350-C027-4A77-AE85-9DAAF48DFF6C}.Release|Any CPU.ActiveCfg = Release|Any CPU
		{CEC64350-C027-4A77-AE85-9DAAF48DFF6C}.Release|Any CPU.Build.0 = Release|Any CPU
		{3B6D31E3-B49F-47F9-A3EF-BFE4D4E26BCF}.Debug|Any CPU.ActiveCfg = Debug|Any CPU
		{3B6D31E3-B49F-47F9-A3EF-BFE4D4E26BCF}.Debug|Any CPU.Build.0 = Debug|Any CPU
		{3B6D31E3-B49F-47F9-A3EF-BFE4D4E26BCF}.Release|Any CPU.ActiveCfg = Release|Any CPU
		{3B6D31E3-B49F-47F9-A3EF-BFE4D4E26BCF}.Release|Any CPU.Build.0 = Release|Any CPU
		{87468D3F-BAEE-409C-A524-B129CDB8A1A2}.Debug|Any CPU.ActiveCfg = Debug|Any CPU
		{87468D3F-BAEE-409C-A524-B129CDB8A1A2}.Debug|Any CPU.Build.0 = Debug|Any CPU
		{87468D3F-BAEE-409C-A524-B129CDB8A1A2}.Release|Any CPU.ActiveCfg = Release|Any CPU
		{87468D3F-BAEE-409C-A524-B129CDB8A1A2}.Release|Any CPU.Build.0 = Release|Any CPU
	EndGlobalSection
	GlobalSection(SolutionProperties) = preSolution
		HideSolutionNode = FALSE
	EndGlobalSection
	GlobalSection(ExtensibilityGlobals) = postSolution
		SolutionGuid = {0DF3E45C-1A54-405A-9443-2D7689F536CC}
	EndGlobalSection
EndGlobal
